
Microsoft Visual Studio Solution File, Format Version 12.00
# Visual Studio 15
VisualStudioVersion = 15.0.28307.1831
MinimumVisualStudioVersion = 10.0.40219.1
Project("{FAE04EC0-301F-11D3-BF4B-00C04F79EFBC}") = "CapaGUI", "CapaGUI\CapaGUI.csproj", "{1119F6EB-8E3C-45CC-A9B8-E4B2CC998D68}"
EndProject
Project("{FAE04EC0-301F-11D3-BF4B-00C04F79EFBC}") = "CapaNegocio", "CapaNegocio\CapaNegocio.csproj", "{8D8424CA-76E9-4851-9F09-52CEBE129514}"
EndProject
Project("{FAE04EC0-301F-11D3-BF4B-00C04F79EFBC}") = "CapaModelo", "CapaModelo\CapaModelo.csproj", "{4DB251C1-B75A-4460-8387-711C2B035E0D}"
EndProject
Project("{FAE04EC0-301F-11D3-BF4B-00C04F79EFBC}") = "CapaConexión", "CapaConexión\CapaConexión.csproj", "{850AB224-D15F-4C2F-9A4A-E95386E49BB9}"
EndProject
Global
	GlobalSection(SolutionConfigurationPlatforms) = preSolution
		Debug|Any CPU = Debug|Any CPU
		Release|Any CPU = Release|Any CPU
	EndGlobalSection
	GlobalSection(ProjectConfigurationPlatforms) = postSolution
		{1119F6EB-8E3C-45CC-A9B8-E4B2CC998D68}.Debug|Any CPU.ActiveCfg = Debug|Any CPU
		{1119F6EB-8E3C-45CC-A9B8-E4B2CC998D68}.Debug|Any CPU.Build.0 = Debug|Any CPU
		{1119F6EB-8E3C-45CC-A9B8-E4B2CC998D68}.Release|Any CPU.ActiveCfg = Release|Any CPU
		{1119F6EB-8E3C-45CC-A9B8-E4B2CC998D68}.Release|Any CPU.Build.0 = Release|Any CPU
		{8D8424CA-76E9-4851-9F09-52CEBE129514}.Debug|Any CPU.ActiveCfg = Debug|Any CPU
		{8D8424CA-76E9-4851-9F09-52CEBE129514}.Debug|Any CPU.Build.0 = Debug|Any CPU
		{8D8424CA-76E9-4851-9F09-52CEBE129514}.Release|Any CPU.ActiveCfg = Release|Any CPU
		{8D8424CA-76E9-4851-9F09-52CEBE129514}.Release|Any CPU.Build.0 = Release|Any CPU
		{4DB251C1-B75A-4460-8387-711C2B035E0D}.Debug|Any CPU.ActiveCfg = Debug|Any CPU
		{4DB251C1-B75A-4460-8387-711C2B035E0D}.Debug|Any CPU.Build.0 = Debug|Any CPU
		{4DB251C1-B75A-4460-8387-711C2B035E0D}.Release|Any CPU.ActiveCfg = Release|Any CPU
		{4DB251C1-B75A-4460-8387-711C2B035E0D}.Release|Any CPU.Build.0 = Release|Any CPU
		{850AB224-D15F-4C2F-9A4A-E95386E49BB9}.Debug|Any CPU.ActiveCfg = Debug|Any CPU
		{850AB224-D15F-4C2F-9A4A-E95386E49BB9}.Debug|Any CPU.Build.0 = Debug|Any CPU
		{850AB224-D15F-4C2F-9A4A-E95386E49BB9}.Release|Any CPU.ActiveCfg = Release|Any CPU
		{850AB224-D15F-4C2F-9A4A-E95386E49BB9}.Release|Any CPU.Build.0 = Release|Any CPU
	EndGlobalSection
	GlobalSection(SolutionProperties) = preSolution
		HideSolutionNode = FALSE
	EndGlobalSection
	GlobalSection(ExtensibilityGlobals) = postSolution
		SolutionGuid = {8EC6ACA4-679D-4F22-BE3B-BF955ADC2AEE}
	EndGlobalSection
EndGlobal
